
Microsoft Visual Studio Solution File, Format Version 12.00
# Visual Studio Version 16
VisualStudioVersion = 16.0.31129.286
MinimumVisualStudioVersion = 10.0.40219.1
Project("{FAE04EC0-301F-11D3-BF4B-00C04F79EFBC}") = "CalculatorWS", "CalculatorWS\CalculatorWS.csproj", "{7851015B-13D1-454C-879C-9A762EA9528F}"
EndProject
Project("{FAE04EC0-301F-11D3-BF4B-00C04F79EFBC}") = "CsWebService-client", "CsWebService-client\CsWebService-client.csproj", "{91FD5D56-D5C1-4757-AE34-7716E1BAC1F4}"
	ProjectSection(ProjectDependencies) = postProject
		{7851015B-13D1-454C-879C-9A762EA9528F} = {7851015B-13D1-454C-879C-9A762EA9528F}
	EndProjectSection
EndProject
Global
	GlobalSection(SolutionConfigurationPlatforms) = preSolution
		Debug|Any CPU = Debug|Any CPU
		Release|Any CPU = Release|Any CPU
	EndGlobalSection
	GlobalSection(ProjectConfigurationPlatforms) = postSolution
		{7851015B-13D1-454C-879C-9A762EA9528F}.Debug|Any CPU.ActiveCfg = Debug|Any CPU
		{7851015B-13D1-454C-879C-9A762EA9528F}.Debug|Any CPU.Build.0 = Debug|Any CPU
		{7851015B-13D1-454C-879C-9A762EA9528F}.Release|Any CPU.ActiveCfg = Release|Any CPU
		{7851015B-13D1-454C-879C-9A762EA9528F}.Release|Any CPU.Build.0 = Release|Any CPU
		{91FD5D56-D5C1-4757-AE34-7716E1BAC1F4}.Debug|Any CPU.ActiveCfg = Debug|Any CPU
		{91FD5D56-D5C1-4757-AE34-7716E1BAC1F4}.Debug|Any CPU.Build.0 = Debug|Any CPU
		{91FD5D56-D5C1-4757-AE34-7716E1BAC1F4}.Release|Any CPU.ActiveCfg = Release|Any CPU
		{91FD5D56-D5C1-4757-AE34-7716E1BAC1F4}.Release|Any CPU.Build.0 = Release|Any CPU
	EndGlobalSection
	GlobalSection(SolutionProperties) = preSolution
		HideSolutionNode = FALSE
	EndGlobalSection
	GlobalSection(ExtensibilityGlobals) = postSolution
		SolutionGuid = {84CD1C3A-A264-4330-A4E7-90F059C530B7}
	EndGlobalSection
EndGlobal
